Microsoft Visual Studio Solution File, Format Version 12.00
# Visual Studio 15
VisualStudioVersion = 15.0.27130.2010
MinimumVisualStudioVersion = 15.0.26124.0
Project("{2150E333-8FDC-42A3-9474-1A3956D46DE8}") = "src", "src", "{771C9402-C471-49C0-8BDE-4EBFA32B789A}"
EndProject
Project("{2150E333-8FDC-42A3-9474-1A3956D46DE8}") = "Extensions", "Extensions", "{ECDC5A27-3EA2-4A81-87DB-9F1022A263A8}"
EndProject
Project("{9A19103F-16F7-4668-BE54-9A1E7A4F7556}") = "Syntax", "src\Syntax\Syntax.csproj", "{1B8B6800-7718-4BD4-9CF2-C37AF6EC69ED}"
EndProject
Project("{9A19103F-16F7-4668-BE54-9A1E7A4F7556}") = "Transform", "src\Transform\Transform.csproj", "{44252356-0DD1-4369-A817-559EDDF5B5B5}"
EndProject
Project("{2150E333-8FDC-42A3-9474-1A3956D46DE8}") = "test", "test", "{D990F039-3DC8-41D8-B81B-04DD7EB76A96}"
EndProject
Project("{9A19103F-16F7-4668-BE54-9A1E7A4F7556}") = "Syntax.Tests", "test\Syntax.Tests\Syntax.Tests.csproj", "{4D2FC2CB-140F-4300-AF82-81972F9B0041}"
EndProject
Project("{2150E333-8FDC-42A3-9474-1A3956D46DE8}") = "Solution Items", "Solution Items", "{E9B66C54-909F-404A-AC68-4437143295CC}"
	ProjectSection(SolutionItems) = preProject
		.gitattributes = .gitattributes
		.gitignore = .gitignore
		CSharpE.ruleset = CSharpE.ruleset
		CSharpE.sln.DotSettings = CSharpE.sln.DotSettings
		Directory.Build.props = Directory.Build.props
		global.json = global.json
		LICENSE = LICENSE
		README.md = README.md
		TODO.md = TODO.md
	EndProjectSection
EndProject
Project("{9A19103F-16F7-4668-BE54-9A1E7A4F7556}") = "Transform.Tests", "test\Transform.Tests\Transform.Tests.csproj", "{C3849BA5-F511-4083-B7AD-068502BDFA47}"
	ProjectSection(ProjectDependencies) = postProject
		{F5AC9ADB-1EBB-4916-95D5-547997BCDC35} = {F5AC9ADB-1EBB-4916-95D5-547997BCDC35}
	EndProjectSection
EndProject
Project("{9A19103F-16F7-4668-BE54-9A1E7A4F7556}") = "TestUtilities", "test\TestUtilities\TestUtilities.csproj", "{F5E0644E-D7F0-40FB-BE70-DEFA3AC2E94E}"
EndProject
Project("{9A19103F-16F7-4668-BE54-9A1E7A4F7556}") = "Transform.App", "src\Transform.App\Transform.App.csproj", "{0F18CB64-DFC4-4F1A-A37F-761B356E1AAB}"
EndProject
Project("{9A19103F-16F7-4668-BE54-9A1E7A4F7556}") = "Record", "src\Extensions\Record\Record.csproj", "{31096156-DF7C-4A28-8EC2-0095A9218D40}"
EndProject
Project("{9A19103F-16F7-4668-BE54-9A1E7A4F7556}") = "Logging", "src\Extensions\Logging\Logging.csproj", "{9A4D9B34-E249-4419-8AA4-B270105F783E}"
EndProject
Project("{FAE04EC0-301F-11D3-BF4B-00C04F79EFBC}") = "Transform.VisualStudio", "src\Transform.VisualStudio\Transform.VisualStudio.csproj", "{F5AC9ADB-1EBB-4916-95D5-547997BCDC35}"
EndProject
Project("{9A19103F-16F7-4668-BE54-9A1E7A4F7556}") = "Transform.MSBuild", "src\Transform.MSBuild\Transform.MSBuild.csproj", "{10DBAF1F-BB65-4110-BA56-2B344D301FE0}"
EndProject
Project("{9A19103F-16F7-4668-BE54-9A1E7A4F7556}") = "SyntaxFactory", "src\SyntaxFactory\SyntaxFactory.csproj", "{5CAA1B79-A7F2-4CDD-911F-884C2A517591}"
EndProject
Project("{9A19103F-16F7-4668-BE54-9A1E7A4F7556}") = "Json", "src\Extensions\Json\Json.csproj", "{96D1CA9F-5A9A-4FCF-B26B-010936FBD9B4}"
EndProject
Project("{9A19103F-16F7-4668-BE54-9A1E7A4F7556}") = "Extensions.Tests", "test\Extensions.Tests\Extensions.Tests.csproj", "{19255A67-2A05-48C9-9C73-A242041D796D}"
EndProject
Project("{9A19103F-16F7-4668-BE54-9A1E7A4F7556}") = "Actor", "src\Extensions\Actor\Actor.csproj", "{B5A73061-55B8-417A-945F-0303415362CE}"
EndProject
Global
	GlobalSection(SolutionConfigurationPlatforms) = preSolution
		Debug|Any CPU = Debug|Any CPU
		Debug|x64 = Debug|x64
		Debug|x86 = Debug|x86
		Release|Any CPU = Release|Any CPU
		Release|x64 = Release|x64
		Release|x86 = Release|x86
	EndGlobalSection
	GlobalSection(ProjectConfigurationPlatforms) = postSolution
		{1B8B6800-7718-4BD4-9CF2-C37AF6EC69ED}.Debug|Any CPU.ActiveCfg = Debug|Any CPU
		{1B8B6800-7718-4BD4-9CF2-C37AF6EC69ED}.Debug|Any CPU.Build.0 = Debug|Any CPU
		{1B8B6800-7718-4BD4-9CF2-C37AF6EC69ED}.Debug|x64.ActiveCfg = Debug|Any CPU
		{1B8B6800-7718-4BD4-9CF2-C37AF6EC69ED}.Debug|x64.Build.0 = Debug|Any CPU
		{1B8B6800-7718-4BD4-9CF2-C37AF6EC69ED}.Debug|x86.ActiveCfg = Debug|Any CPU
		{1B8B6800-7718-4BD4-9CF2-C37AF6EC69ED}.Debug|x86.Build.0 = Debug|Any CPU
		{1B8B6800-7718-4BD4-9CF2-C37AF6EC69ED}.Release|Any CPU.ActiveCfg = Release|Any CPU
		{1B8B6800-7718-4BD4-9CF2-C37AF6EC69ED}.Release|Any CPU.Build.0 = Release|Any CPU
		{1B8B6800-7718-4BD4-9CF2-C37AF6EC69ED}.Release|x64.ActiveCfg = Release|Any CPU
		{1B8B6800-7718-4BD4-9CF2-C37AF6EC69ED}.Release|x64.Build.0 = Release|Any CPU
		{1B8B6800-7718-4BD4-9CF2-C37AF6EC69ED}.Release|x86.ActiveCfg = Release|Any CPU
		{1B8B6800-7718-4BD4-9CF2-C37AF6EC69ED}.Release|x86.Build.0 = Release|Any CPU
		{44252356-0DD1-4369-A817-559EDDF5B5B5}.Debug|Any CPU.ActiveCfg = Debug|Any CPU
		{44252356-0DD1-4369-A817-559EDDF5B5B5}.Debug|Any CPU.Build.0 = Debug|Any CPU
		{44252356-0DD1-4369-A817-559EDDF5B5B5}.Debug|x64.ActiveCfg = Debug|Any CPU
		{44252356-0DD1-4369-A817-559EDDF5B5B5}.Debug|x64.Build.0 = Debug|Any CPU
		{44252356-0DD1-4369-A817-559EDDF5B5B5}.Debug|x86.ActiveCfg = Debug|Any CPU
		{44252356-0DD1-4369-A817-559EDDF5B5B5}.Debug|x86.Build.0 = Debug|Any CPU
		{44252356-0DD1-4369-A817-559EDDF5B5B5}.Release|Any CPU.ActiveCfg = Release|Any CPU
		{44252356-0DD1-4369-A817-559EDDF5B5B5}.Release|Any CPU.Build.0 = Release|Any CPU
		{44252356-0DD1-4369-A817-559EDDF5B5B5}.Release|x64.ActiveCfg = Release|Any CPU
		{44252356-0DD1-4369-A817-559EDDF5B5B5}.Release|x64.Build.0 = Release|Any CPU
		{44252356-0DD1-4369-A817-559EDDF5B5B5}.Release|x86.ActiveCfg = Release|Any CPU
		{44252356-0DD1-4369-A817-559EDDF5B5B5}.Release|x86.Build.0 = Release|Any CPU
		{4D2FC2CB-140F-4300-AF82-81972F9B0041}.Debug|Any CPU.ActiveCfg = Debug|Any CPU
		{4D2FC2CB-140F-4300-AF82-81972F9B0041}.Debug|Any CPU.Build.0 = Debug|Any CPU
		{4D2FC2CB-140F-4300-AF82-81972F9B0041}.Debug|x64.ActiveCfg = Debug|Any CPU
		{4D2FC2CB-140F-4300-AF82-81972F9B0041}.Debug|x64.Build.0 = Debug|Any CPU
		{4D2FC2CB-140F-4300-AF82-81972F9B0041}.Debug|x86.ActiveCfg = Debug|Any CPU
		{4D2FC2CB-140F-4300-AF82-81972F9B0041}.Debug|x86.Build.0 = Debug|Any CPU
		{4D2FC2CB-140F-4300-AF82-81972F9B0041}.Release|Any CPU.ActiveCfg = Release|Any CPU
		{4D2FC2CB-140F-4300-AF82-81972F9B0041}.Release|Any CPU.Build.0 = Release|Any CPU
		{4D2FC2CB-140F-4300-AF82-81972F9B0041}.Release|x64.ActiveCfg = Release|Any CPU
		{4D2FC2CB-140F-4300-AF82-81972F9B0041}.Release|x64.Build.0 = Release|Any CPU
		{4D2FC2CB-140F-4300-AF82-81972F9B0041}.Release|x86.ActiveCfg = Release|Any CPU
		{4D2FC2CB-140F-4300-AF82-81972F9B0041}.Release|x86.Build.0 = Release|Any CPU
		{C3849BA5-F511-4083-B7AD-068502BDFA47}.Debug|Any CPU.ActiveCfg = Debug|Any CPU
		{C3849BA5-F511-4083-B7AD-068502BDFA47}.Debug|Any CPU.Build.0 = Debug|Any CPU
		{C3849BA5-F511-4083-B7AD-068502BDFA47}.Debug|x64.ActiveCfg = Debug|Any CPU
		{C3849BA5-F511-4083-B7AD-068502BDFA47}.Debug|x64.Build.0 = Debug|Any CPU
		{C3849BA5-F511-4083-B7AD-068502BDFA47}.Debug|x86.ActiveCfg = Debug|Any CPU
		{C3849BA5-F511-4083-B7AD-068502BDFA47}.Debug|x86.Build.0 = Debug|Any CPU
		{C3849BA5-F511-4083-B7AD-068502BDFA47}.Release|Any CPU.ActiveCfg = Release|Any CPU
		{C3849BA5-F511-4083-B7AD-068502BDFA47}.Release|Any CPU.Build.0 = Release|Any CPU
		{C3849BA5-F511-4083-B7AD-068502BDFA47}.Release|x64.ActiveCfg = Release|Any CPU
		{C3849BA5-F511-4083-B7AD-068502BDFA47}.Release|x64.Build.0 = Release|Any CPU
		{C3849BA5-F511-4083-B7AD-068502BDFA47}.Release|x86.ActiveCfg = Release|Any CPU
		{C3849BA5-F511-4083-B7AD-068502BDFA47}.Release|x86.Build.0 = Release|Any CPU
		{F5E0644E-D7F0-40FB-BE70-DEFA3AC2E94E}.Debug|Any CPU.ActiveCfg = Debug|Any CPU
		{F5E0644E-D7F0-40FB-BE70-DEFA3AC2E94E}.Debug|Any CPU.Build.0 = Debug|Any CPU
		{F5E0644E-D7F0-40FB-BE70-DEFA3AC2E94E}.Debug|x64.ActiveCfg = Debug|Any CPU
		{F5E0644E-D7F0-40FB-BE70-DEFA3AC2E94E}.Debug|x64.Build.0 = Debug|Any CPU
		{F5E0644E-D7F0-40FB-BE70-DEFA3AC2E94E}.Debug|x86.ActiveCfg = Debug|Any CPU
		{F5E0644E-D7F0-40FB-BE70-DEFA3AC2E94E}.Debug|x86.Build.0 = Debug|Any CPU
		{F5E0644E-D7F0-40FB-BE70-DEFA3AC2E94E}.Release|Any CPU.ActiveCfg = Release|Any CPU
		{F5E0644E-D7F0-40FB-BE70-DEFA3AC2E94E}.Release|Any CPU.Build.0 = Release|Any CPU
		{F5E0644E-D7F0-40FB-BE70-DEFA3AC2E94E}.Release|x64.ActiveCfg = Release|Any CPU
		{F5E0644E-D7F0-40FB-BE70-DEFA3AC2E94E}.Release|x64.Build.0 = Release|Any CPU
		{F5E0644E-D7F0-40FB-BE70-DEFA3AC2E94E}.Release|x86.ActiveCfg = Release|Any CPU
		{F5E0644E-D7F0-40FB-BE70-DEFA3AC2E94E}.Release|x86.Build.0 = Release|Any CPU
		{0F18CB64-DFC4-4F1A-A37F-761B356E1AAB}.Debug|Any CPU.ActiveCfg = Debug|Any CPU
		{0F18CB64-DFC4-4F1A-A37F-761B356E1AAB}.Debug|Any CPU.Build.0 = Debug|Any CPU
		{0F18CB64-DFC4-4F1A-A37F-761B356E1AAB}.Debug|x64.ActiveCfg = Debug|Any CPU
		{0F18CB64-DFC4-4F1A-A37F-761B356E1AAB}.Debug|x64.Build.0 = Debug|Any CPU
		{0F18CB64-DFC4-4F1A-A37F-761B356E1AAB}.Debug|x86.ActiveCfg = Debug|Any CPU
		{0F18CB64-DFC4-4F1A-A37F-761B356E1AAB}.Debug|x86.Build.0 = Debug|Any CPU
		{0F18CB64-DFC4-4F1A-A37F-761B356E1AAB}.Release|Any CPU.ActiveCfg = Release|Any CPU
		{0F18CB64-DFC4-4F1A-A37F-761B356E1AAB}.Release|Any CPU.Build.0 = Release|Any CPU
		{0F18CB64-DFC4-4F1A-A37F-761B356E1AAB}.Release|x64.ActiveCfg = Release|Any CPU
		{0F18CB64-DFC4-4F1A-A37F-761B356E1AAB}.Release|x64.Build.0 = Release|Any CPU
		{0F18CB64-DFC4-4F1A-A37F-761B356E1AAB}.Release|x86.ActiveCfg = Release|Any CPU
		{0F18CB64-DFC4-4F1A-A37F-761B356E1AAB}.Release|x86.Build.0 = Release|Any CPU
		{31096156-DF7C-4A28-8EC2-0095A9218D40}.Debug|Any CPU.ActiveCfg = Debug|Any CPU
		{31096156-DF7C-4A28-8EC2-0095A9218D40}.Debug|Any CPU.Build.0 = Debug|Any CPU
		{31096156-DF7C-4A28-8EC2-0095A9218D40}.Debug|x64.ActiveCfg = Debug|Any CPU
		{31096156-DF7C-4A28-8EC2-0095A9218D40}.Debug|x64.Build.0 = Debug|Any CPU
		{31096156-DF7C-4A28-8EC2-0095A9218D40}.Debug|x86.ActiveCfg = Debug|Any CPU
		{31096156-DF7C-4A28-8EC2-0095A9218D40}.Debug|x86.Build.0 = Debug|Any CPU
		{31096156-DF7C-4A28-8EC2-0095A9218D40}.Release|Any CPU.ActiveCfg = Release|Any CPU
		{31096156-DF7C-4A28-8EC2-0095A9218D40}.Release|Any CPU.Build.0 = Release|Any CPU
		{31096156-DF7C-4A28-8EC2-0095A9218D40}.Release|x64.ActiveCfg = Release|Any CPU
		{31096156-DF7C-4A28-8EC2-0095A9218D40}.Release|x64.Build.0 = Release|Any CPU
		{31096156-DF7C-4A28-8EC2-0095A9218D40}.Release|x86.ActiveCfg = Release|Any CPU
		{31096156-DF7C-4A28-8EC2-0095A9218D40}.Release|x86.Build.0 = Release|Any CPU
		{9A4D9B34-E249-4419-8AA4-B270105F783E}.Debug|Any CPU.ActiveCfg = Debug|Any CPU
		{9A4D9B34-E249-4419-8AA4-B270105F783E}.Debug|Any CPU.Build.0 = Debug|Any CPU
		{9A4D9B34-E249-4419-8AA4-B270105F783E}.Debug|x64.ActiveCfg = Debug|Any CPU
		{9A4D9B34-E249-4419-8AA4-B270105F783E}.Debug|x64.Build.0 = Debug|Any CPU
		{9A4D9B34-E249-4419-8AA4-B270105F783E}.Debug|x86.ActiveCfg = Debug|Any CPU
		{9A4D9B34-E249-4419-8AA4-B270105F783E}.Debug|x86.Build.0 = Debug|Any CPU
		{9A4D9B34-E249-4419-8AA4-B270105F783E}.Release|Any CPU.ActiveCfg = Release|Any CPU
		{9A4D9B34-E249-4419-8AA4-B270105F783E}.Release|Any CPU.Build.0 = Release|Any CPU
		{9A4D9B34-E249-4419-8AA4-B270105F783E}.Release|x64.ActiveCfg = Release|Any CPU
		{9A4D9B34-E249-4419-8AA4-B270105F783E}.Release|x64.Build.0 = Release|Any CPU
		{9A4D9B34-E249-4419-8AA4-B270105F783E}.Release|x86.ActiveCfg = Release|Any CPU
		{9A4D9B34-E249-4419-8AA4-B270105F783E}.Release|x86.Build.0 = Release|Any CPU
		{F5AC9ADB-1EBB-4916-95D5-547997BCDC35}.Debug|Any CPU.ActiveCfg = Debug|Any CPU
		{F5AC9ADB-1EBB-4916-95D5-547997BCDC35}.Debug|Any CPU.Build.0 = Debug|Any CPU
		{F5AC9ADB-1EBB-4916-95D5-547997BCDC35}.Debug|x64.ActiveCfg = Debug|Any CPU
		{F5AC9ADB-1EBB-4916-95D5-547997BCDC35}.Debug|x64.Build.0 = Debug|Any CPU
		{F5AC9ADB-1EBB-4916-95D5-547997BCDC35}.Debug|x86.ActiveCfg = Debug|Any CPU
		{F5AC9ADB-1EBB-4916-95D5-547997BCDC35}.Debug|x86.Build.0 = Debug|Any CPU
		{F5AC9ADB-1EBB-4916-95D5-547997BCDC35}.Release|Any CPU.ActiveCfg = Release|Any CPU
		{F5AC9ADB-1EBB-4916-95D5-547997BCDC35}.Release|Any CPU.Build.0 = Release|Any CPU
		{F5AC9ADB-1EBB-4916-95D5-547997BCDC35}.Release|x64.ActiveCfg = Release|Any CPU
		{F5AC9ADB-1EBB-4916-95D5-547997BCDC35}.Release|x64.Build.0 = Release|Any CPU
		{F5AC9ADB-1EBB-4916-95D5-547997BCDC35}.Release|x86.ActiveCfg = Release|Any CPU
		{F5AC9ADB-1EBB-4916-95D5-547997BCDC35}.Release|x86.Build.0 = Release|Any CPU
		{10DBAF1F-BB65-4110-BA56-2B344D301FE0}.Debug|Any CPU.ActiveCfg = Debug|Any CPU
		{10DBAF1F-BB65-4110-BA56-2B344D301FE0}.Debug|Any CPU.Build.0 = Debug|Any CPU
		{10DBAF1F-BB65-4110-BA56-2B344D301FE0}.Debug|x64.ActiveCfg = Debug|Any CPU
		{10DBAF1F-BB65-4110-BA56-2B344D301FE0}.Debug|x64.Build.0 = Debug|Any CPU
		{10DBAF1F-BB65-4110-BA56-2B344D301FE0}.Debug|x86.ActiveCfg = Debug|Any CPU
		{10DBAF1F-BB65-4110-BA56-2B344D301FE0}.Debug|x86.Build.0 = Debug|Any CPU
		{10DBAF1F-BB65-4110-BA56-2B344D301FE0}.Release|Any CPU.ActiveCfg = Release|Any CPU
		{10DBAF1F-BB65-4110-BA56-2B344D301FE0}.Release|Any CPU.Build.0 = Release|Any CPU
		{10DBAF1F-BB65-4110-BA56-2B344D301FE0}.Release|x64.ActiveCfg = Release|Any CPU
		{10DBAF1F-BB65-4110-BA56-2B344D301FE0}.Release|x64.Build.0 = Release|Any CPU
		{10DBAF1F-BB65-4110-BA56-2B344D301FE0}.Release|x86.ActiveCfg = Release|Any CPU
		{10DBAF1F-BB65-4110-BA56-2B344D301FE0}.Release|x86.Build.0 = Release|Any CPU
		{5CAA1B79-A7F2-4CDD-911F-884C2A517591}.Debug|Any CPU.ActiveCfg = Debug|Any CPU
		{5CAA1B79-A7F2-4CDD-911F-884C2A517591}.Debug|Any CPU.Build.0 = Debug|Any CPU
		{5CAA1B79-A7F2-4CDD-911F-884C2A517591}.Debug|x64.ActiveCfg = Debug|Any CPU
		{5CAA1B79-A7F2-4CDD-911F-884C2A517591}.Debug|x64.Build.0 = Debug|Any CPU
		{5CAA1B79-A7F2-4CDD-911F-884C2A517591}.Debug|x86.ActiveCfg = Debug|Any CPU
		{5CAA1B79-A7F2-4CDD-911F-884C2A517591}.Debug|x86.Build.0 = Debug|Any CPU
		{5CAA1B79-A7F2-4CDD-911F-884C2A517591}.Release|Any CPU.ActiveCfg = Release|Any CPU
		{5CAA1B79-A7F2-4CDD-911F-884C2A517591}.Release|Any CPU.Build.0 = Release|Any CPU
		{5CAA1B79-A7F2-4CDD-911F-884C2A517591}.Release|x64.ActiveCfg = Release|Any CPU
		{5CAA1B79-A7F2-4CDD-911F-884C2A517591}.Release|x64.Build.0 = Release|Any CPU
		{5CAA1B79-A7F2-4CDD-911F-884C2A517591}.Release|x86.ActiveCfg = Release|Any CPU
		{5CAA1B79-A7F2-4CDD-911F-884C2A517591}.Release|x86.Build.0 = Release|Any CPU
		{96D1CA9F-5A9A-4FCF-B26B-010936FBD9B4}.Debug|Any CPU.ActiveCfg = Debug|Any CPU
		{96D1CA9F-5A9A-4FCF-B26B-010936FBD9B4}.Debug|Any CPU.Build.0 = Debug|Any CPU
		{96D1CA9F-5A9A-4FCF-B26B-010936FBD9B4}.Debug|x64.ActiveCfg = Debug|Any CPU
		{96D1CA9F-5A9A-4FCF-B26B-010936FBD9B4}.Debug|x64.Build.0 = Debug|Any CPU
		{96D1CA9F-5A9A-4FCF-B26B-010936FBD9B4}.Debug|x86.ActiveCfg = Debug|Any CPU
		{96D1CA9F-5A9A-4FCF-B26B-010936FBD9B4}.Debug|x86.Build.0 = Debug|Any CPU
		{96D1CA9F-5A9A-4FCF-B26B-010936FBD9B4}.Release|Any CPU.ActiveCfg = Release|Any CPU
		{96D1CA9F-5A9A-4FCF-B26B-010936FBD9B4}.Release|Any CPU.Build.0 = Release|Any CPU
		{96D1CA9F-5A9A-4FCF-B26B-010936FBD9B4}.Release|x64.ActiveCfg = Release|Any CPU
		{96D1CA9F-5A9A-4FCF-B26B-010936FBD9B4}.Release|x64.Build.0 = Release|Any CPU
		{96D1CA9F-5A9A-4FCF-B26B-010936FBD9B4}.Release|x86.ActiveCfg = Release|Any CPU
		{96D1CA9F-5A9A-4FCF-B26B-010936FBD9B4}.Release|x86.Build.0 = Release|Any CPU
		{19255A67-2A05-48C9-9C73-A242041D796D}.Debug|Any CPU.ActiveCfg = Debug|Any CPU
		{19255A67-2A05-48C9-9C73-A242041D796D}.Debug|Any CPU.Build.0 = Debug|Any CPU
		{19255A67-2A05-48C9-9C73-A242041D796D}.Debug|x64.ActiveCfg = Debug|Any CPU
		{19255A67-2A05-48C9-9C73-A242041D796D}.Debug|x64.Build.0 = Debug|Any CPU
		{19255A67-2A05-48C9-9C73-A242041D796D}.Debug|x86.ActiveCfg = Debug|Any CPU
		{19255A67-2A05-48C9-9C73-A242041D796D}.Debug|x86.Build.0 = Debug|Any CPU
		{19255A67-2A05-48C9-9C73-A242041D796D}.Release|Any CPU.ActiveCfg = Release|Any CPU
		{19255A67-2A05-48C9-9C73-A242041D796D}.Release|Any CPU.Build.0 = Release|Any CPU
		{19255A67-2A05-48C9-9C73-A242041D796D}.Release|x64.ActiveCfg = Release|Any CPU
		{19255A67-2A05-48C9-9C73-A242041D796D}.Release|x64.Build.0 = Release|Any CPU
		{19255A67-2A05-48C9-9C73-A242041D796D}.Release|x86.ActiveCfg = Release|Any CPU
		{19255A67-2A05-48C9-9C73-A242041D796D}.Release|x86.Build.0 = Release|Any CPU
		{B5A73061-55B8-417A-945F-0303415362CE}.Debug|Any CPU.ActiveCfg = Debug|Any CPU
		{B5A73061-55B8-417A-945F-0303415362CE}.Debug|Any CPU.Build.0 = Debug|Any CPU
		{B5A73061-55B8-417A-945F-0303415362CE}.Debug|x64.ActiveCfg = Debug|Any CPU
		{B5A73061-55B8-417A-945F-0303415362CE}.Debug|x64.Build.0 = Debug|Any CPU
		{B5A73061-55B8-417A-945F-0303415362CE}.Debug|x86.ActiveCfg = Debug|Any CPU
		{B5A73061-55B8-417A-945F-0303415362CE}.Debug|x86.Build.0 = Debug|Any CPU
		{B5A73061-55B8-417A-945F-0303415362CE}.Release|Any CPU.ActiveCfg = Release|Any CPU
		{B5A73061-55B8-417A-945F-0303415362CE}.Release|Any CPU.Build.0 = Release|Any CPU
		{B5A73061-55B8-417A-945F-0303415362CE}.Release|x64.ActiveCfg = Release|Any CPU
		{B5A73061-55B8-417A-945F-0303415362CE}.Release|x64.Build.0 = Release|Any CPU
		{B5A73061-55B8-417A-945F-0303415362CE}.Release|x86.ActiveCfg = Release|Any CPU
		{B5A73061-55B8-417A-945F-0303415362CE}.Release|x86.Build.0 = Release|Any CPU
	EndGlobalSection
	GlobalSection(SolutionProperties) = preSolution
		HideSolutionNode = FALSE
	EndGlobalSection
	GlobalSection(NestedProjects) = preSolution
		{ECDC5A27-3EA2-4A81-87DB-9F1022A263A8} = {771C9402-C471-49C0-8BDE-4EBFA32B789A}
		{1B8B6800-7718-4BD4-9CF2-C37AF6EC69ED} = {771C9402-C471-49C0-8BDE-4EBFA32B789A}
		{44252356-0DD1-4369-A817-559EDDF5B5B5} = {771C9402-C471-49C0-8BDE-4EBFA32B789A}
		{4D2FC2CB-140F-4300-AF82-81972F9B0041} = {D990F039-3DC8-41D8-B81B-04DD7EB76A96}
		{C3849BA5-F511-4083-B7AD-068502BDFA47} = {D990F039-3DC8-41D8-B81B-04DD7EB76A96}
		{F5E0644E-D7F0-40FB-BE70-DEFA3AC2E94E} = {D990F039-3DC8-41D8-B81B-04DD7EB76A96}
		{0F18CB64-DFC4-4F1A-A37F-761B356E1AAB} = {771C9402-C471-49C0-8BDE-4EBFA32B789A}
		{31096156-DF7C-4A28-8EC2-0095A9218D40} = {ECDC5A27-3EA2-4A81-87DB-9F1022A263A8}
		{9A4D9B34-E249-4419-8AA4-B270105F783E} = {ECDC5A27-3EA2-4A81-87DB-9F1022A263A8}
		{F5AC9ADB-1EBB-4916-95D5-547997BCDC35} = {771C9402-C471-49C0-8BDE-4EBFA32B789A}
		{10DBAF1F-BB65-4110-BA56-2B344D301FE0} = {771C9402-C471-49C0-8BDE-4EBFA32B789A}
		{5CAA1B79-A7F2-4CDD-911F-884C2A517591} = {771C9402-C471-49C0-8BDE-4EBFA32B789A}
		{96D1CA9F-5A9A-4FCF-B26B-010936FBD9B4} = {ECDC5A27-3EA2-4A81-87DB-9F1022A263A8}
		{19255A67-2A05-48C9-9C73-A242041D796D} = {D990F039-3DC8-41D8-B81B-04DD7EB76A96}
		{B5A73061-55B8-417A-945F-0303415362CE} = {ECDC5A27-3EA2-4A81-87DB-9F1022A263A8}
	EndGlobalSection
	GlobalSection(ExtensibilityGlobals) = postSolution
		SolutionGuid = {60FA5926-12AB-40A5-B89B-AD8991660F50}
	EndGlobalSection
EndGlobal
