
Microsoft Visual Studio Solution File, Format Version 12.00
# Visual Studio 15
VisualStudioVersion = 15.0.27703.2042
MinimumVisualStudioVersion = 10.0.40219.1
Project("{9A19103F-16F7-4668-BE54-9A1E7A4F7556}") = "T4", "t4\T4.csproj", "{F4DA90A6-1917-4F23-A8D4-2B1C2D80824A}"
EndProject
Project("{9A19103F-16F7-4668-BE54-9A1E7A4F7556}") = "Core", "Core\Core.csproj", "{BC32DC52-8C66-4445-BD0D-F2F4239B968D}"
EndProject
Project("{9A19103F-16F7-4668-BE54-9A1E7A4F7556}") = "CodeDOM", "CodeDOM\CodeDOM.csproj", "{D17CBFF0-8F70-4748-9FF9-4B48EA3FBE58}"
EndProject
Project("{9A19103F-16F7-4668-BE54-9A1E7A4F7556}") = "Roslyn", "Roslyn\Roslyn.csproj", "{0930B665-BC13-4A90-9F9B-ED7F3F74CBE5}"
EndProject
Project("{9A19103F-16F7-4668-BE54-9A1E7A4F7556}") = "RoslynSyntaxGenerator", "Roslyn.SyntaxGenerator\RoslynSyntaxGenerator.csproj", "{B526BDEC-5E76-42C7-9134-69F39A9CE41E}"
EndProject
Project("{2150E333-8FDC-42A3-9474-1A3956D46DE8}") = "Solution Items", "Solution Items", "{414B5DDC-5977-4C71-A71C-53971AE9940D}"
	ProjectSection(SolutionItems) = preProject
		Directory.Build.props = Directory.Build.props
	EndProjectSection
EndProject
Project("{9A19103F-16F7-4668-BE54-9A1E7A4F7556}") = "ReflectionEmit", "ReflectionEmit\ReflectionEmit.csproj", "{E8185282-A21F-4C24-9A37-9A1F5CE59ACA}"
EndProject
Project("{9A19103F-16F7-4668-BE54-9A1E7A4F7556}") = "MonoCecil", "MonoCecil\MonoCecil.csproj", "{B386F386-883F-4790-ACE6-F85AEDB59062}"
EndProject
Project("{FAE04EC0-301F-11D3-BF4B-00C04F79EFBC}") = "CSharpESyntax", "CSharpE.Syntax\CSharpESyntax.csproj", "{2B841D1A-21A8-4335-B341-A6EE953EC39B}"
EndProject
Project("{9A19103F-16F7-4668-BE54-9A1E7A4F7556}") = "Syntax", "..\..\..\src\Syntax\Syntax.csproj", "{08DC998E-D9DA-4470-AD11-B7D6F6659532}"
EndProject
Project("{2150E333-8FDC-42A3-9474-1A3956D46DE8}") = "lib", "lib", "{DABCB00D-361F-4947-9425-CD13A6719744}"
EndProject
Global
	GlobalSection(SolutionConfigurationPlatforms) = preSolution
		Debug|Any CPU = Debug|Any CPU
		Release|Any CPU = Release|Any CPU
	EndGlobalSection
	GlobalSection(ProjectConfigurationPlatforms) = postSolution
		{F4DA90A6-1917-4F23-A8D4-2B1C2D80824A}.Debug|Any CPU.ActiveCfg = Debug|Any CPU
		{F4DA90A6-1917-4F23-A8D4-2B1C2D80824A}.Debug|Any CPU.Build.0 = Debug|Any CPU
		{F4DA90A6-1917-4F23-A8D4-2B1C2D80824A}.Release|Any CPU.ActiveCfg = Release|Any CPU
		{F4DA90A6-1917-4F23-A8D4-2B1C2D80824A}.Release|Any CPU.Build.0 = Release|Any CPU
		{BC32DC52-8C66-4445-BD0D-F2F4239B968D}.Debug|Any CPU.ActiveCfg = Debug|Any CPU
		{BC32DC52-8C66-4445-BD0D-F2F4239B968D}.Debug|Any CPU.Build.0 = Debug|Any CPU
		{BC32DC52-8C66-4445-BD0D-F2F4239B968D}.Release|Any CPU.ActiveCfg = Release|Any CPU
		{BC32DC52-8C66-4445-BD0D-F2F4239B968D}.Release|Any CPU.Build.0 = Release|Any CPU
		{D17CBFF0-8F70-4748-9FF9-4B48EA3FBE58}.Debug|Any CPU.ActiveCfg = Debug|Any CPU
		{D17CBFF0-8F70-4748-9FF9-4B48EA3FBE58}.Debug|Any CPU.Build.0 = Debug|Any CPU
		{D17CBFF0-8F70-4748-9FF9-4B48EA3FBE58}.Release|Any CPU.ActiveCfg = Release|Any CPU
		{D17CBFF0-8F70-4748-9FF9-4B48EA3FBE58}.Release|Any CPU.Build.0 = Release|Any CPU
		{0930B665-BC13-4A90-9F9B-ED7F3F74CBE5}.Debug|Any CPU.ActiveCfg = Debug|Any CPU
		{0930B665-BC13-4A90-9F9B-ED7F3F74CBE5}.Debug|Any CPU.Build.0 = Debug|Any CPU
		{0930B665-BC13-4A90-9F9B-ED7F3F74CBE5}.Release|Any CPU.ActiveCfg = Release|Any CPU
		{0930B665-BC13-4A90-9F9B-ED7F3F74CBE5}.Release|Any CPU.Build.0 = Release|Any CPU
		{B526BDEC-5E76-42C7-9134-69F39A9CE41E}.Debug|Any CPU.ActiveCfg = Debug|Any CPU
		{B526BDEC-5E76-42C7-9134-69F39A9CE41E}.Debug|Any CPU.Build.0 = Debug|Any CPU
		{B526BDEC-5E76-42C7-9134-69F39A9CE41E}.Release|Any CPU.ActiveCfg = Release|Any CPU
		{B526BDEC-5E76-42C7-9134-69F39A9CE41E}.Release|Any CPU.Build.0 = Release|Any CPU
		{E8185282-A21F-4C24-9A37-9A1F5CE59ACA}.Debug|Any CPU.ActiveCfg = Debug|Any CPU
		{E8185282-A21F-4C24-9A37-9A1F5CE59ACA}.Debug|Any CPU.Build.0 = Debug|Any CPU
		{E8185282-A21F-4C24-9A37-9A1F5CE59ACA}.Release|Any CPU.ActiveCfg = Release|Any CPU
		{E8185282-A21F-4C24-9A37-9A1F5CE59ACA}.Release|Any CPU.Build.0 = Release|Any CPU
		{B386F386-883F-4790-ACE6-F85AEDB59062}.Debug|Any CPU.ActiveCfg = Debug|Any CPU
		{B386F386-883F-4790-ACE6-F85AEDB59062}.Debug|Any CPU.Build.0 = Debug|Any CPU
		{B386F386-883F-4790-ACE6-F85AEDB59062}.Release|Any CPU.ActiveCfg = Release|Any CPU
		{B386F386-883F-4790-ACE6-F85AEDB59062}.Release|Any CPU.Build.0 = Release|Any CPU
		{2B841D1A-21A8-4335-B341-A6EE953EC39B}.Debug|Any CPU.ActiveCfg = Debug|Any CPU
		{2B841D1A-21A8-4335-B341-A6EE953EC39B}.Debug|Any CPU.Build.0 = Debug|Any CPU
		{2B841D1A-21A8-4335-B341-A6EE953EC39B}.Release|Any CPU.ActiveCfg = Release|Any CPU
		{2B841D1A-21A8-4335-B341-A6EE953EC39B}.Release|Any CPU.Build.0 = Release|Any CPU
		{08DC998E-D9DA-4470-AD11-B7D6F6659532}.Debug|Any CPU.ActiveCfg = Debug|Any CPU
		{08DC998E-D9DA-4470-AD11-B7D6F6659532}.Debug|Any CPU.Build.0 = Debug|Any CPU
		{08DC998E-D9DA-4470-AD11-B7D6F6659532}.Release|Any CPU.ActiveCfg = Release|Any CPU
		{08DC998E-D9DA-4470-AD11-B7D6F6659532}.Release|Any CPU.Build.0 = Release|Any CPU
	EndGlobalSection
	GlobalSection(SolutionProperties) = preSolution
		HideSolutionNode = FALSE
	EndGlobalSection
	GlobalSection(NestedProjects) = preSolution
		{08DC998E-D9DA-4470-AD11-B7D6F6659532} = {DABCB00D-361F-4947-9425-CD13A6719744}
	EndGlobalSection
	GlobalSection(ExtensibilityGlobals) = postSolution
		SolutionGuid = {754DF790-C891-4DD9-9B9E-AB3BE0D39E17}
	EndGlobalSection
EndGlobal
